<?xml version="1.0" encoding="utf-8"?>
<Project ToolsVersion="4.0" xmlns="http://schemas.microsoft.com/developer/msbuild/2003">
  <ItemGroup>
    <Filter Include="Kang">
      <UniqueIdentifier>{26DB877C-1212-890D-BBFE-6E10A714050F}</UniqueIdentifier>
    </Filter>
    <Filter Include="Kang\Events">
      <UniqueIdentifier>{4AC0FE6C-B675-7762-3F6A-7139AB1E6E66}</UniqueIdentifier>
    </Filter>
    <Filter Include="Kang\ImGui">
      <UniqueIdentifier>{D094ED77-BC4C-2FC5-2554-0821112BCAB5}</UniqueIdentifier>
    </Filter>
    <Filter Include="Platforms">
      <UniqueIdentifier>{DDACA145-4917-56BC-9255-0762FEFE3311}</UniqueIdentifier>
    </Filter>
  </ItemGroup>
  <ItemGroup>
    <ClInclude Include="src\Kang.h" />
    <ClInclude Include="src\Kang\Application.h">
      <Filter>Kang</Filter>
    </ClInclude>
    <ClInclude Include="src\Kang\Core.h">
      <Filter>Kang</Filter>
    </ClInclude>
    <ClInclude Include="src\Kang\EntryPoint.h">
      <Filter>Kang</Filter>
    </ClInclude>
    <ClInclude Include="src\Kang\Events\ApplicationEvent.h">
      <Filter>Kang\Events</Filter>
    </ClInclude>
    <ClInclude Include="src\Kang\Events\Event.h">
      <Filter>Kang\Events</Filter>
    </ClInclude>
    <ClInclude Include="src\Kang\Events\KeyEvent.h">
      <Filter>Kang\Events</Filter>
    </ClInclude>
    <ClInclude Include="src\Kang\Events\MouseEvent.h">
      <Filter>Kang\Events</Filter>
    </ClInclude>
    <ClInclude Include="src\Kang\ImGui\ImGuiLayer.h">
      <Filter>Kang\ImGui</Filter>
    </ClInclude>
    <ClInclude Include="src\Kang\Layer.h">
      <Filter>Kang</Filter>
    </ClInclude>
    <ClInclude Include="src\Kang\LayerStack.h">
      <Filter>Kang</Filter>
    </ClInclude>
    <ClInclude Include="src\Kang\Log.h">
      <Filter>Kang</Filter>
    </ClInclude>
    <ClInclude Include="src\Kang\Window.h">
      <Filter>Kang</Filter>
    </ClInclude>
    <ClInclude Include="src\Platforms\WindowsWindow.h">
      <Filter>Platforms</Filter>
    </ClInclude>
    <ClInclude Include="src\hzpch.h" />
    <ClInclude Include="src\Platforms\OpenGL\ImGuiOpenGLRenderer.h" />
  </ItemGroup>
  <ItemGroup>
    <ClCompile Include="src\Kang\Application.cpp">
      <Filter>Kang</Filter>
    </ClCompile>
    <ClCompile Include="src\Kang\ImGui\ImGuiLayer.cpp">
      <Filter>Kang\ImGui</Filter>
    </ClCompile>
    <ClCompile Include="src\Kang\Layer.cpp">
      <Filter>Kang</Filter>
    </ClCompile>
    <ClCompile Include="src\Kang\LayerStack.cpp">
      <Filter>Kang</Filter>
    </ClCompile>
    <ClCompile Include="src\Kang\Log.cpp">
      <Filter>Kang</Filter>
    </ClCompile>
    <ClCompile Include="src\Platforms\WindowsWindow.cpp">
      <Filter>Platforms</Filter>
    </ClCompile>
    <ClCompile Include="src\hzpch.cpp" />
    <ClCompile Include="src\Platforms\OpenGL\ImGuiOpenGLRenderer.cpp" />
  </ItemGroup>
</Project>